
Microsoft Visual Studio Solution File, Format Version 12.00
# Visual Studio 15
VisualStudioVersion = 15.0.26206.0
MinimumVisualStudioVersion = 10.0.40219.1
Project("{FAE04EC0-301F-11D3-BF4B-00C04F79EFBC}") = "RockPaperScissors.Core", "RockPaperScissors.Core\RockPaperScissors.Core.csproj", "{12E5F0B6-8A60-452D-9954-08F9F75F3D26}"
EndProject
Project("{FAE04EC0-301F-11D3-BF4B-00C04F79EFBC}") = "RockPaperScissors.Test", "RockPaperScissors.Test\RockPaperScissors.Test.csproj", "{7CB19DB3-5B3C-464A-A40B-D39D84CDA4C5}"
EndProject
Global
	GlobalSection(SolutionConfigurationPlatforms) = preSolution
		Debug|Any CPU = Debug|Any CPU
		Release|Any CPU = Release|Any CPU
	EndGlobalSection
	GlobalSection(ProjectConfigurationPlatforms) = postSolution
		{12E5F0B6-8A60-452D-9954-08F9F75F3D26}.Debug|Any CPU.ActiveCfg = Debug|Any CPU
		{12E5F0B6-8A60-452D-9954-08F9F75F3D26}.Debug|Any CPU.Build.0 = Debug|Any CPU
		{12E5F0B6-8A60-452D-9954-08F9F75F3D26}.Release|Any CPU.ActiveCfg = Release|Any CPU
		{12E5F0B6-8A60-452D-9954-08F9F75F3D26}.Release|Any CPU.Build.0 = Release|Any CPU
		{7CB19DB3-5B3C-464A-A40B-D39D84CDA4C5}.Debug|Any CPU.ActiveCfg = Debug|Any CPU
		{7CB19DB3-5B3C-464A-A40B-D39D84CDA4C5}.Debug|Any CPU.Build.0 = Debug|Any CPU
		{7CB19DB3-5B3C-464A-A40B-D39D84CDA4C5}.Release|Any CPU.ActiveCfg = Release|Any CPU
		{7CB19DB3-5B3C-464A-A40B-D39D84CDA4C5}.Release|Any CPU.Build.0 = Release|Any CPU
	EndGlobalSection
	GlobalSection(SolutionProperties) = preSolution
		HideSolutionNode = FALSE
	EndGlobalSection
EndGlobal
